
Microsoft Visual Studio Solution File, Format Version 12.00
# Visual Studio Version 17
VisualStudioVersion = 17.14.36603.0
MinimumVisualStudioVersion = 10.0.40219.1
Project("{FAE04EC0-301F-11D3-BF4B-00C04F79EFBC}") = "JsonConverters", "JsonConverters\JsonConverters.csproj", "{B7D8FB63-FED9-4E5B-BC6F-64206D17F07F}"
EndProject
Project("{2150E333-8FDC-42A3-9474-1A3956D46DE8}") = "Solution Items", "Solution Items", "{8EC462FD-D22E-90A8-E5CE-7E832BA40C5D}"
EndProject
Project("{FAE04EC0-301F-11D3-BF4B-00C04F79EFBC}") = "Models", "Models\Models.csproj", "{6C7C42EC-4EE9-48F2-9717-971FFC0C6D87}"
EndProject
Project("{FAE04EC0-301F-11D3-BF4B-00C04F79EFBC}") = "JsonSerialization.Tests", "JsonSerialization.Tests\JsonSerialization.Tests.csproj", "{3C4EE1CA-A5AF-432D-8446-EE8C5A46FA02}"
EndProject
Global
	GlobalSection(SolutionConfigurationPlatforms) = preSolution
		Debug|Any CPU = Debug|Any CPU
		Release|Any CPU = Release|Any CPU
	EndGlobalSection
	GlobalSection(ProjectConfigurationPlatforms) = postSolution
		{B7D8FB63-FED9-4E5B-BC6F-64206D17F07F}.Debug|Any CPU.ActiveCfg = Debug|Any CPU
		{B7D8FB63-FED9-4E5B-BC6F-64206D17F07F}.Debug|Any CPU.Build.0 = Debug|Any CPU
		{B7D8FB63-FED9-4E5B-BC6F-64206D17F07F}.Release|Any CPU.ActiveCfg = Release|Any CPU
		{B7D8FB63-FED9-4E5B-BC6F-64206D17F07F}.Release|Any CPU.Build.0 = Release|Any CPU
		{6C7C42EC-4EE9-48F2-9717-971FFC0C6D87}.Debug|Any CPU.ActiveCfg = Debug|Any CPU
		{6C7C42EC-4EE9-48F2-9717-971FFC0C6D87}.Debug|Any CPU.Build.0 = Debug|Any CPU
		{6C7C42EC-4EE9-48F2-9717-971FFC0C6D87}.Release|Any CPU.ActiveCfg = Release|Any CPU
		{6C7C42EC-4EE9-48F2-9717-971FFC0C6D87}.Release|Any CPU.Build.0 = Release|Any CPU
		{3C4EE1CA-A5AF-432D-8446-EE8C5A46FA02}.Debug|Any CPU.ActiveCfg = Debug|Any CPU
		{3C4EE1CA-A5AF-432D-8446-EE8C5A46FA02}.Debug|Any CPU.Build.0 = Debug|Any CPU
		{3C4EE1CA-A5AF-432D-8446-EE8C5A46FA02}.Release|Any CPU.ActiveCfg = Release|Any CPU
		{3C4EE1CA-A5AF-432D-8446-EE8C5A46FA02}.Release|Any CPU.Build.0 = Release|Any CPU
	EndGlobalSection
	GlobalSection(SolutionProperties) = preSolution
		HideSolutionNode = FALSE
	EndGlobalSection
	GlobalSection(ExtensibilityGlobals) = postSolution
		SolutionGuid = {E173AAE4-EEC6-42BF-B06F-4C0ED6132485}
	EndGlobalSection
EndGlobal
